
Microsoft Visual Studio Solution File, Format Version 12.00
# Visual Studio 15
VisualStudioVersion = 15.0.26430.6
MinimumVisualStudioVersion = 10.0.40219.1
Project("{FAE04EC0-301F-11D3-BF4B-00C04F79EFBC}") = "WeatherForecast", "WeatherForecast\WeatherForecast.csproj", "{C7976D43-53D0-4BD8-8F0E-1DF1C6F1CBE2}"
EndProject
Global
	GlobalSection(SolutionConfigurationPlatforms) = preSolution
		Debug|Any CPU = Debug|Any CPU
		Release|Any CPU = Release|Any CPU
	EndGlobalSection
	GlobalSection(ProjectConfigurationPlatforms) = postSolution
		{C7976D43-53D0-4BD8-8F0E-1DF1C6F1CBE2}.Debug|Any CPU.ActiveCfg = Debug|Any CPU
		{C7976D43-53D0-4BD8-8F0E-1DF1C6F1CBE2}.Debug|Any CPU.Build.0 = Debug|Any CPU
		{C7976D43-53D0-4BD8-8F0E-1DF1C6F1CBE2}.Release|Any CPU.ActiveCfg = Release|Any CPU
		{C7976D43-53D0-4BD8-8F0E-1DF1C6F1CBE2}.Release|Any CPU.Build.0 = Release|Any CPU
	EndGlobalSection
	GlobalSection(SolutionProperties) = preSolution
		HideSolutionNode = FALSE
	EndGlobalSection
EndGlobal
